
Microsoft Visual Studio Solution File, Format Version 12.00
# Visual Studio Version 16
VisualStudioVersion = 16.0.30204.135
MinimumVisualStudioVersion = 10.0.40219.1
Project("{FAE04EC0-301F-11D3-BF4B-00C04F79EFBC}") = "ClassesDemoDay2ConsoleUI", "ClassesDemoDay2ConsoleUI\ClassesDemoDay2ConsoleUI.csproj", "{4E14E344-45B8-42D5-99ED-3D84810EC640}"
EndProject
Global
	GlobalSection(SolutionConfigurationPlatforms) = preSolution
		Debug|Any CPU = Debug|Any CPU
		Release|Any CPU = Release|Any CPU
	EndGlobalSection
	GlobalSection(ProjectConfigurationPlatforms) = postSolution
		{4E14E344-45B8-42D5-99ED-3D84810EC640}.Debug|Any CPU.ActiveCfg = Debug|Any CPU
		{4E14E344-45B8-42D5-99ED-3D84810EC640}.Debug|Any CPU.Build.0 = Debug|Any CPU
		{4E14E344-45B8-42D5-99ED-3D84810EC640}.Release|Any CPU.ActiveCfg = Release|Any CPU
		{4E14E344-45B8-42D5-99ED-3D84810EC640}.Release|Any CPU.Build.0 = Release|Any CPU
	EndGlobalSection
	GlobalSection(SolutionProperties) = preSolution
		HideSolutionNode = FALSE
	EndGlobalSection
	GlobalSection(ExtensibilityGlobals) = postSolution
		SolutionGuid = {857CD641-B3E6-4CD9-9BBA-32683612F6F8}
	EndGlobalSection
EndGlobal
